PODS:
  - SQLite.swift (0.12.2):
    - SQLite.swift/standard (= 0.12.2)
  - SQLite.swift/standard (0.12.2)
  - SSZipArchive (2.1.1)

DEPENDENCIES:
  - SQLite.swift (~> 0.12.0)
  - SSZipArchive (= 2.1.1)

SPEC REPOS:
  https://github.com/CocoaPods/Specs.git:
    - SQLite.swift
  trunk:
    - SSZipArchive

SPEC CHECKSUMS:
  SQLite.swift: d2b4642190917051ce6bd1d49aab565fe794eea3
  SSZipArchive: 14401ade5f8e82aba1ff03e9f88e9de60937ae60

PODFILE CHECKSUM: 9beb36e3fd9ffcae1fc416a350ae96c864c8d66d

COCOAPODS: 1.14.2
